
Microsoft Visual Studio Solution File, Format Version 12.00
# Visual Studio Version 17
VisualStudioVersion = 17.6.33815.320
MinimumVisualStudioVersion = 10.0.40219.1
Project("{FAE04EC0-301F-11D3-BF4B-00C04F79EFBC}") = "K204160664_PhamNguyenBichKhuyen_OnTapThucHanhWPF", "K204160664_PhamNguyenBichKhuyen_OnTapThucHanhWPF\K204160664_PhamNguyenBichKhuyen_OnTapThucHanhWPF.csproj", "{875C74FA-E4B1-4A09-B71F-2AF170635BB4}"
EndProject
Global
	GlobalSection(SolutionConfigurationPlatforms) = preSolution
		Debug|Any CPU = Debug|Any CPU
		Release|Any CPU = Release|Any CPU
	EndGlobalSection
	GlobalSection(ProjectConfigurationPlatforms) = postSolution
		{875C74FA-E4B1-4A09-B71F-2AF170635BB4}.Debug|Any CPU.ActiveCfg = Debug|Any CPU
		{875C74FA-E4B1-4A09-B71F-2AF170635BB4}.Debug|Any CPU.Build.0 = Debug|Any CPU
		{875C74FA-E4B1-4A09-B71F-2AF170635BB4}.Release|Any CPU.ActiveCfg = Release|Any CPU
		{875C74FA-E4B1-4A09-B71F-2AF170635BB4}.Release|Any CPU.Build.0 = Release|Any CPU
	EndGlobalSection
	GlobalSection(SolutionProperties) = preSolution
		HideSolutionNode = FALSE
	EndGlobalSection
	GlobalSection(ExtensibilityGlobals) = postSolution
		SolutionGuid = {B2EE5C93-A13B-470F-80B5-EE082BE249A3}
	EndGlobalSection
EndGlobal
